// !$*UTF8*$!
{
	archiveVersion = 1;
	classes = {
	};
	objectVersion = 56;
	objects = {

/* Begin PBXBuildFile section */
		70339A942A52900C00AC2998 /* FullTextView.swift in Sources */ = {isa = PBXBuildFile; fileRef = 70339A932A52900C00AC2998 /* FullTextView.swift */; };
		70401B962A4E0AAE00162E6B /* PlayerView.swift in Sources */ = {isa = PBXBuildFile; fileRef = 70401B952A4E0AAE00162E6B /* PlayerView.swift */; };
		70401B982A4E0E6600162E6B /* PlayerController.swift in Sources */ = {isa = PBXBuildFile; fileRef = 70401B972A4E0E6600162E6B /* PlayerController.swift */; };
		70401B9A2A4E405700162E6B /* ToolbarView.swift in Sources */ = {isa = PBXBuildFile; fileRef = 70401B992A4E405600162E6B /* ToolbarView.swift */; };
		70401B9C2A4E455100162E6B /* SearchView.swift in Sources */ = {isa = PBXBuildFile; fileRef = 70401B9B2A4E455100162E6B /* SearchView.swift */; };
		709D0FD02A4D2B540036B147 /* TimeButtonView.swift in Sources */ = {isa = PBXBuildFile; fileRef = 709D0FCF2A4D2B540036B147 /* TimeButtonView.swift */; };
		709D0FD22A4D3BF40036B147 /* CueIdPlayButton.swift in Sources */ = {isa = PBXBuildFile; fileRef = 709D0FD12A4D3BF40036B147 /* CueIdPlayButton.swift */; };
		709D0FD42A4D41CB0036B147 /* CueRow.swift in Sources */ = {isa = PBXBuildFile; fileRef = 709D0FD32A4D41CB0036B147 /* CueRow.swift */; };
		70A0F21A2A4CB14A004317A5 /* CaptionsEditorApp.swift in Sources */ = {isa = PBXBuildFile; fileRef = 70A0F2192A4CB14A004317A5 /* CaptionsEditorApp.swift */; };
		70A0F21C2A4CB14A004317A5 /* CaptionsEditorDocument.swift in Sources */ = {isa = PBXBuildFile; fileRef = 70A0F21B2A4CB14A004317A5 /* CaptionsEditorDocument.swift */; };
		70A0F21E2A4CB14A004317A5 /* ContentView.swift in Sources */ = {isa = PBXBuildFile; fileRef = 70A0F21D2A4CB14A004317A5 /* ContentView.swift */; };
		70A0F2202A4CB14B004317A5 /* Assets.xcassets in Resources */ = {isa = PBXBuildFile; fileRef = 70A0F21F2A4CB14B004317A5 /* Assets.xcassets */; };
		70A0F2232A4CB14B004317A5 /* Preview Assets.xcassets in Resources */ = {isa = PBXBuildFile; fileRef = 70A0F2222A4CB14B004317A5 /* Preview Assets.xcassets */; };
		70A0F22F2A4CB14B004317A5 /* CaptionsEditorTests.swift in Sources */ = {isa = PBXBuildFile; fileRef = 70A0F22E2A4CB14B004317A5 /* CaptionsEditorTests.swift */; };
		70A0F2392A4CB14B004317A5 /* CaptionsEditorUITests.swift in Sources */ = {isa = PBXBuildFile; fileRef = 70A0F2382A4CB14B004317A5 /* CaptionsEditorUITests.swift */; };
		70A0F23B2A4CB14B004317A5 /* CaptionsEditorUITestsLaunchTests.swift in Sources */ = {isa = PBXBuildFile; fileRef = 70A0F23A2A4CB14B004317A5 /* CaptionsEditorUITestsLaunchTests.swift */; };
		70A0F2482A4CB2C4004317A5 /* Captions.swift in Sources */ = {isa = PBXBuildFile; fileRef = 70A0F2472A4CB2C4004317A5 /* Captions.swift */; };
		70A0F24B2A4CF31A004317A5 /* Timestamp.swift in Sources */ = {isa = PBXBuildFile; fileRef = 70A0F24A2A4CF31A004317A5 /* Timestamp.swift */; };
		70A0F24D2A4D28EE004317A5 /* TimestampView.swift in Sources */ = {isa = PBXBuildFile; fileRef = 70A0F24C2A4D28EE004317A5 /* TimestampView.swift */; };
		70B138972A4F69CF00576273 /* TimeShiftView.swift in Sources */ = {isa = PBXBuildFile; fileRef = 70B138962A4F69CF00576273 /* TimeShiftView.swift */; };
		70B138992A4F6EEC00576273 /* Extensions.swift in Sources */ = {isa = PBXBuildFile; fileRef = 70B138982A4F6EEC00576273 /* Extensions.swift */; };
		70B1389C2A4F71DD00576273 /* ShiftControls.swift in Sources */ = {isa = PBXBuildFile; fileRef = 70B1389B2A4F71DD00576273 /* ShiftControls.swift */; };
		70DC713A2A53D9560048A5EF /* ToolbarSidebarView.swift in Sources */ = {isa = PBXBuildFile; fileRef = 70DC71392A53D9560048A5EF /* ToolbarSidebarView.swift */; };
/* End PBXBuildFile section */

/* Begin PBXContainerItemProxy section */
		70A0F22B2A4CB14B004317A5 /* PBXContainerItemProxy */ = {
			isa = PBXContainerItemProxy;
			containerPortal = 70A0F20E2A4CB14A004317A5 /* Project object */;
			proxyType = 1;
			remoteGlobalIDString = 70A0F2152A4CB14A004317A5;
			remoteInfo = CaptionsEditor;
		};
		70A0F2352A4CB14B004317A5 /* PBXContainerItemProxy */ = {
			isa = PBXContainerItemProxy;
			containerPortal = 70A0F20E2A4CB14A004317A5 /* Project object */;
			proxyType = 1;
			remoteGlobalIDString = 70A0F2152A4CB14A004317A5;
			remoteInfo = CaptionsEditor;
		};
/* End PBXContainerItemProxy section */

/* Begin PBXFileReference section */
		70339A932A52900C00AC2998 /* FullTextView.swift */ = {isa = PBXFileReference; lastKnownFileType = sourcecode.swift; path = FullTextView.swift; sourceTree = "<group>"; };
		70401B952A4E0AAE00162E6B /* PlayerView.swift */ = {isa = PBXFileReference; lastKnownFileType = sourcecode.swift; path = PlayerView.swift; sourceTree = "<group>"; };
		70401B972A4E0E6600162E6B /* PlayerController.swift */ = {isa = PBXFileReference; lastKnownFileType = sourcecode.swift; path = PlayerController.swift; sourceTree = "<group>"; };
		70401B992A4E405600162E6B /* ToolbarView.swift */ = {isa = PBXFileReference; lastKnownFileType = sourcecode.swift; path = ToolbarView.swift; sourceTree = "<group>"; };
		70401B9B2A4E455100162E6B /* SearchView.swift */ = {isa = PBXFileReference; lastKnownFileType = sourcecode.swift; path = SearchView.swift; sourceTree = "<group>"; };
		709D0FCF2A4D2B540036B147 /* TimeButtonView.swift */ = {isa = PBXFileReference; lastKnownFileType = sourcecode.swift; path = TimeButtonView.swift; sourceTree = "<group>"; };
		709D0FD12A4D3BF40036B147 /* CueIdPlayButton.swift */ = {isa = PBXFileReference; lastKnownFileType = sourcecode.swift; path = CueIdPlayButton.swift; sourceTree = "<group>"; };
		709D0FD32A4D41CB0036B147 /* CueRow.swift */ = {isa = PBXFileReference; lastKnownFileType = sourcecode.swift; path = CueRow.swift; sourceTree = "<group>"; };
		70A0F2162A4CB14A004317A5 /* CaptionsEditor.app */ = {isa = PBXFileReference; explicitFileType = wrapper.application; includeInIndex = 0; path = CaptionsEditor.app; sourceTree = BUILT_PRODUCTS_DIR; };
		70A0F2192A4CB14A004317A5 /* CaptionsEditorApp.swift */ = {isa = PBXFileReference; lastKnownFileType = sourcecode.swift; path = CaptionsEditorApp.swift; sourceTree = "<group>"; };
		70A0F21B2A4CB14A004317A5 /* CaptionsEditorDocument.swift */ = {isa = PBXFileReference; lastKnownFileType = sourcecode.swift; path = CaptionsEditorDocument.swift; sourceTree = "<group>"; };
		70A0F21D2A4CB14A004317A5 /* ContentView.swift */ = {isa = PBXFileReference; lastKnownFileType = sourcecode.swift; path = ContentView.swift; sourceTree = "<group>"; };
		70A0F21F2A4CB14B004317A5 /* Assets.xcassets */ = {isa = PBXFileReference; lastKnownFileType = folder.assetcatalog; path = Assets.xcassets; sourceTree = "<group>"; };
		70A0F2222A4CB14B004317A5 /* Preview Assets.xcassets */ = {isa = PBXFileReference; lastKnownFileType = folder.assetcatalog; path = "Preview Assets.xcassets"; sourceTree = "<group>"; };
		70A0F2242A4CB14B004317A5 /* Info.plist */ = {isa = PBXFileReference; lastKnownFileType = text.plist.xml; path = Info.plist; sourceTree = "<group>"; };
		70A0F2252A4CB14B004317A5 /* CaptionsEditor.entitlements */ = {isa = PBXFileReference; lastKnownFileType = text.plist.entitlements; path = CaptionsEditor.entitlements; sourceTree = "<group>"; };
		70A0F22A2A4CB14B004317A5 /* CaptionsEditorTests.xctest */ = {isa = PBXFileReference; explicitFileType = wrapper.cfbundle; includeInIndex = 0; path = CaptionsEditorTests.xctest; sourceTree = BUILT_PRODUCTS_DIR; };
		70A0F22E2A4CB14B004317A5 /* CaptionsEditorTests.swift */ = {isa = PBXFileReference; lastKnownFileType = sourcecode.swift; path = CaptionsEditorTests.swift; sourceTree = "<group>"; };
		70A0F2342A4CB14B004317A5 /* CaptionsEditorUITests.xctest */ = {isa = PBXFileReference; explicitFileType = wrapper.cfbundle; includeInIndex = 0; path = CaptionsEditorUITests.xctest; sourceTree = BUILT_PRODUCTS_DIR; };
		70A0F2382A4CB14B004317A5 /* CaptionsEditorUITests.swift */ = {isa = PBXFileReference; lastKnownFileType = sourcecode.swift; path = CaptionsEditorUITests.swift; sourceTree = "<group>"; };
		70A0F23A2A4CB14B004317A5 /* CaptionsEditorUITestsLaunchTests.swift */ = {isa = PBXFileReference; lastKnownFileType = sourcecode.swift; path = CaptionsEditorUITestsLaunchTests.swift; sourceTree = "<group>"; };
		70A0F2472A4CB2C4004317A5 /* Captions.swift */ = {isa = PBXFileReference; lastKnownFileType = sourcecode.swift; path = Captions.swift; sourceTree = "<group>"; };
		70A0F24A2A4CF31A004317A5 /* Timestamp.swift */ = {isa = PBXFileReference; lastKnownFileType = sourcecode.swift; path = Timestamp.swift; sourceTree = "<group>"; };
		70A0F24C2A4D28EE004317A5 /* TimestampView.swift */ = {isa = PBXFileReference; lastKnownFileType = sourcecode.swift; path = TimestampView.swift; sourceTree = "<group>"; };
		70B138962A4F69CF00576273 /* TimeShiftView.swift */ = {isa = PBXFileReference; lastKnownFileType = sourcecode.swift; path = TimeShiftView.swift; sourceTree = "<group>"; };
		70B138982A4F6EEC00576273 /* Extensions.swift */ = {isa = PBXFileReference; lastKnownFileType = sourcecode.swift; path = Extensions.swift; sourceTree = "<group>"; };
		70B1389B2A4F71DD00576273 /* ShiftControls.swift */ = {isa = PBXFileReference; lastKnownFileType = sourcecode.swift; path = ShiftControls.swift; sourceTree = "<group>"; };
		70DC71392A53D9560048A5EF /* ToolbarSidebarView.swift */ = {isa = PBXFileReference; lastKnownFileType = sourcecode.swift; path = ToolbarSidebarView.swift; sourceTree = "<group>"; };
/* End PBXFileReference section */

/* Begin PBXFrameworksBuildPhase section */
		70A0F2132A4CB14A004317A5 /* Frameworks */ = {
			isa = PBXFrameworksBuildPhase;
			buildActionMask = 2147483647;
			files = (
			);
			runOnlyForDeploymentPostprocessing = 0;
		};
		70A0F2272A4CB14B004317A5 /* Frameworks */ = {
			isa = PBXFrameworksBuildPhase;
			buildActionMask = 2147483647;
			files = (
			);
			runOnlyForDeploymentPostprocessing = 0;
		};
		70A0F2312A4CB14B004317A5 /* Frameworks */ = {
			isa = PBXFrameworksBuildPhase;
			buildActionMask = 2147483647;
			files = (
			);
			runOnlyForDeploymentPostprocessing = 0;
		};
/* End PBXFrameworksBuildPhase section */

/* Begin PBXGroup section */
		70A0F20D2A4CB14A004317A5 = {
			isa = PBXGroup;
			children = (
				70A0F2182A4CB14A004317A5 /* CaptionsEditor */,
				70A0F22D2A4CB14B004317A5 /* CaptionsEditorTests */,
				70A0F2372A4CB14B004317A5 /* CaptionsEditorUITests */,
				70A0F2172A4CB14A004317A5 /* Products */,
			);
			sourceTree = "<group>";
		};
		70A0F2172A4CB14A004317A5 /* Products */ = {
			isa = PBXGroup;
			children = (
				70A0F2162A4CB14A004317A5 /* CaptionsEditor.app */,
				70A0F22A2A4CB14B004317A5 /* CaptionsEditorTests.xctest */,
				70A0F2342A4CB14B004317A5 /* CaptionsEditorUITests.xctest */,
			);
			name = Products;
			sourceTree = "<group>";
		};
		70A0F2182A4CB14A004317A5 /* CaptionsEditor */ = {
			isa = PBXGroup;
			children = (
				70A0F2192A4CB14A004317A5 /* CaptionsEditorApp.swift */,
				70A0F21B2A4CB14A004317A5 /* CaptionsEditorDocument.swift */,
				70A0F21D2A4CB14A004317A5 /* ContentView.swift */,
				70A0F24E2A4D2979004317A5 /* SubViews */,
				70A0F2492A4CB2EA004317A5 /* Models */,
				70B1389A2A4F6EF000576273 /* Extensions */,
				70A0F21F2A4CB14B004317A5 /* Assets.xcassets */,
				70A0F2242A4CB14B004317A5 /* Info.plist */,
				70A0F2252A4CB14B004317A5 /* CaptionsEditor.entitlements */,
				70A0F2212A4CB14B004317A5 /* Preview Content */,
			);
			path = CaptionsEditor;
			sourceTree = "<group>";
		};
		70A0F2212A4CB14B004317A5 /* Preview Content */ = {
			isa = PBXGroup;
			children = (
				70A0F2222A4CB14B004317A5 /* Preview Assets.xcassets */,
			);
			path = "Preview Content";
			sourceTree = "<group>";
		};
		70A0F22D2A4CB14B004317A5 /* CaptionsEditorTests */ = {
			isa = PBXGroup;
			children = (
				70A0F22E2A4CB14B004317A5 /* CaptionsEditorTests.swift */,
			);
			path = CaptionsEditorTests;
			sourceTree = "<group>";
		};
		70A0F2372A4CB14B004317A5 /* CaptionsEditorUITests */ = {
			isa = PBXGroup;
			children = (
				70A0F2382A4CB14B004317A5 /* CaptionsEditorUITests.swift */,
				70A0F23A2A4CB14B004317A5 /* CaptionsEditorUITestsLaunchTests.swift */,
			);
			path = CaptionsEditorUITests;
			sourceTree = "<group>";
		};
		70A0F2492A4CB2EA004317A5 /* Models */ = {
			isa = PBXGroup;
			children = (
				70401B972A4E0E6600162E6B /* PlayerController.swift */,
				70A0F2472A4CB2C4004317A5 /* Captions.swift */,
				70A0F24A2A4CF31A004317A5 /* Timestamp.swift */,
				70B1389B2A4F71DD00576273 /* ShiftControls.swift */,
			);
			path = Models;
			sourceTree = "<group>";
		};
		70A0F24E2A4D2979004317A5 /* SubViews */ = {
			isa = PBXGroup;
			children = (
				D13528E52AC485C10059034C /* Cue Views */,
				D13528E42AC485B10059034C /* Toolbar */,
				70339A932A52900C00AC2998 /* FullTextView.swift */,
				70401B9B2A4E455100162E6B /* SearchView.swift */,
				70401B952A4E0AAE00162E6B /* PlayerView.swift */,
			);
			path = SubViews;
			sourceTree = "<group>";
		};
		70B1389A2A4F6EF000576273 /* Extensions */ = {
			isa = PBXGroup;
			children = (
				70B138982A4F6EEC00576273 /* Extensions.swift */,
			);
			path = Extensions;
			sourceTree = "<group>";
		};
		D13528E42AC485B10059034C /* Toolbar */ = {
			isa = PBXGroup;
			children = (
				70401B992A4E405600162E6B /* ToolbarView.swift */,
				70DC71392A53D9560048A5EF /* ToolbarSidebarView.swift */,
			);
			path = Toolbar;
			sourceTree = "<group>";
		};
		D13528E52AC485C10059034C /* Cue Views */ = {
			isa = PBXGroup;
			children = (
				709D0FD32A4D41CB0036B147 /* CueRow.swift */,
				709D0FD12A4D3BF40036B147 /* CueIdPlayButton.swift */,
				70A0F24C2A4D28EE004317A5 /* TimestampView.swift */,
				709D0FCF2A4D2B540036B147 /* TimeButtonView.swift */,
				70B138962A4F69CF00576273 /* TimeShiftView.swift */,
			);
			path = "Cue Views";
			sourceTree = "<group>";
		};
/* End PBXGroup section */

/* Begin PBXNativeTarget section */
		70A0F2152A4CB14A004317A5 /* CaptionsEditor */ = {
			isa = PBXNativeTarget;
			buildConfigurationList = 70A0F23E2A4CB14B004317A5 /* Build configuration list for PBXNativeTarget "CaptionsEditor" */;
			buildPhases = (
				70A0F2122A4CB14A004317A5 /* Sources */,
				70A0F2132A4CB14A004317A5 /* Frameworks */,
				70A0F2142A4CB14A004317A5 /* Resources */,
			);
			buildRules = (
			);
			dependencies = (
			);
			name = CaptionsEditor;
			productName = CaptionsEditor;
			productReference = 70A0F2162A4CB14A004317A5 /* CaptionsEditor.app */;
			productType = "com.apple.product-type.application";
		};
		70A0F2292A4CB14B004317A5 /* CaptionsEditorTests */ = {
			isa = PBXNativeTarget;
			buildConfigurationList = 70A0F2412A4CB14B004317A5 /* Build configuration list for PBXNativeTarget "CaptionsEditorTests" */;
			buildPhases = (
				70A0F2262A4CB14B004317A5 /* Sources */,
				70A0F2272A4CB14B004317A5 /* Frameworks */,
				70A0F2282A4CB14B004317A5 /* Resources */,
			);
			buildRules = (
			);
			dependencies = (
				70A0F22C2A4CB14B004317A5 /* PBXTargetDependency */,
			);
			name = CaptionsEditorTests;
			productName = CaptionsEditorTests;
			productReference = 70A0F22A2A4CB14B004317A5 /* CaptionsEditorTests.xctest */;
			productType = "com.apple.product-type.bundle.unit-test";
		};
		70A0F2332A4CB14B004317A5 /* CaptionsEditorUITests */ = {
			isa = PBXNativeTarget;
			buildConfigurationList = 70A0F2442A4CB14B004317A5 /* Build configuration list for PBXNativeTarget "CaptionsEditorUITests" */;
			buildPhases = (
				70A0F2302A4CB14B004317A5 /* Sources */,
				70A0F2312A4CB14B004317A5 /* Frameworks */,
				70A0F2322A4CB14B004317A5 /* Resources */,
			);
			buildRules = (
			);
			dependencies = (
				70A0F2362A4CB14B004317A5 /* PBXTargetDependency */,
			);
			name = CaptionsEditorUITests;
			productName = CaptionsEditorUITests;
			productReference = 70A0F2342A4CB14B004317A5 /* CaptionsEditorUITests.xctest */;
			productType = "com.apple.product-type.bundle.ui-testing";
		};
/* End PBXNativeTarget section */

/* Begin PBXProject section */
		70A0F20E2A4CB14A004317A5 /* Project object */ = {
			isa = PBXProject;
			attributes = {
				BuildIndependentTargetsInParallel = 1;
				LastSwiftUpdateCheck = 1430;
				LastUpgradeCheck = 1430;
				TargetAttributes = {
					70A0F2152A4CB14A004317A5 = {
						CreatedOnToolsVersion = 14.3.1;
					};
					70A0F2292A4CB14B004317A5 = {
						CreatedOnToolsVersion = 14.3.1;
						TestTargetID = 70A0F2152A4CB14A004317A5;
					};
					70A0F2332A4CB14B004317A5 = {
						CreatedOnToolsVersion = 14.3.1;
						TestTargetID = 70A0F2152A4CB14A004317A5;
					};
				};
			};
			buildConfigurationList = 70A0F2112A4CB14A004317A5 /* Build configuration list for PBXProject "CaptionsEditor" */;
			compatibilityVersion = "Xcode 14.0";
			developmentRegion = en;
			hasScannedForEncodings = 0;
			knownRegions = (
				en,
				Base,
			);
			mainGroup = 70A0F20D2A4CB14A004317A5;
			productRefGroup = 70A0F2172A4CB14A004317A5 /* Products */;
			projectDirPath = "";
			projectRoot = "";
			targets = (
				70A0F2152A4CB14A004317A5 /* CaptionsEditor */,
				70A0F2292A4CB14B004317A5 /* CaptionsEditorTests */,
				70A0F2332A4CB14B004317A5 /* CaptionsEditorUITests */,
			);
		};
/* End PBXProject section */

/* Begin PBXResourcesBuildPhase section */
		70A0F2142A4CB14A004317A5 /* Resources */ = {
			isa = PBXResourcesBuildPhase;
			buildActionMask = 2147483647;
			files = (
				70A0F2232A4CB14B004317A5 /* Preview Assets.xcassets in Resources */,
				70A0F2202A4CB14B004317A5 /* Assets.xcassets in Resources */,
			);
			runOnlyForDeploymentPostprocessing = 0;
		};
		70A0F2282A4CB14B004317A5 /* Resources */ = {
			isa = PBXResourcesBuildPhase;
			buildActionMask = 2147483647;
			files = (
			);
			runOnlyForDeploymentPostprocessing = 0;
		};
		70A0F2322A4CB14B004317A5 /* Resources */ = {
			isa = PBXResourcesBuildPhase;
			buildActionMask = 2147483647;
			files = (
			);
			runOnlyForDeploymentPostprocessing = 0;
		};
/* End PBXResourcesBuildPhase section */

/* Begin PBXSourcesBuildPhase section */
		70A0F2122A4CB14A004317A5 /* Sources */ = {
			isa = PBXSourcesBuildPhase;
			buildActionMask = 2147483647;
			files = (
				70339A942A52900C00AC2998 /* FullTextView.swift in Sources */,
				70B1389C2A4F71DD00576273 /* ShiftControls.swift in Sources */,
				70A0F21C2A4CB14A004317A5 /* CaptionsEditorDocument.swift in Sources */,
				70B138992A4F6EEC00576273 /* Extensions.swift in Sources */,
				70A0F24B2A4CF31A004317A5 /* Timestamp.swift in Sources */,
				70401B9A2A4E405700162E6B /* ToolbarView.swift in Sources */,
				70A0F21A2A4CB14A004317A5 /* CaptionsEditorApp.swift in Sources */,
				70401B962A4E0AAE00162E6B /* PlayerView.swift in Sources */,
				70A0F2482A4CB2C4004317A5 /* Captions.swift in Sources */,
				709D0FD22A4D3BF40036B147 /* CueIdPlayButton.swift in Sources */,
				709D0FD02A4D2B540036B147 /* TimeButtonView.swift in Sources */,
				70401B9C2A4E455100162E6B /* SearchView.swift in Sources */,
				709D0FD42A4D41CB0036B147 /* CueRow.swift in Sources */,
				70B138972A4F69CF00576273 /* TimeShiftView.swift in Sources */,
				70A0F21E2A4CB14A004317A5 /* ContentView.swift in Sources */,
				70401B982A4E0E6600162E6B /* PlayerController.swift in Sources */,
				70A0F24D2A4D28EE004317A5 /* TimestampView.swift in Sources */,
				70DC713A2A53D9560048A5EF /* ToolbarSidebarView.swift in Sources */,
			);
			runOnlyForDeploymentPostprocessing = 0;
		};
		70A0F2262A4CB14B004317A5 /* Sources */ = {
			isa = PBXSourcesBuildPhase;
			buildActionMask = 2147483647;
			files = (
				70A0F22F2A4CB14B004317A5 /* CaptionsEditorTests.swift in Sources */,
			);
			runOnlyForDeploymentPostprocessing = 0;
		};
		70A0F2302A4CB14B004317A5 /* Sources */ = {
			isa = PBXSourcesBuildPhase;
			buildActionMask = 2147483647;
			files = (
				70A0F23B2A4CB14B004317A5 /* CaptionsEditorUITestsLaunchTests.swift in Sources */,
				70A0F2392A4CB14B004317A5 /* CaptionsEditorUITests.swift in Sources */,
			);
			runOnlyForDeploymentPostprocessing = 0;
		};
/* End PBXSourcesBuildPhase section */

/* Begin PBXTargetDependency section */
		70A0F22C2A4CB14B004317A5 /* PBXTargetDependency */ = {
			isa = PBXTargetDependency;
			target = 70A0F2152A4CB14A004317A5 /* CaptionsEditor */;
			targetProxy = 70A0F22B2A4CB14B004317A5 /* PBXContainerItemProxy */;
		};
		70A0F2362A4CB14B004317A5 /* PBXTargetDependency */ = {
			isa = PBXTargetDependency;
			target = 70A0F2152A4CB14A004317A5 /* CaptionsEditor */;
			targetProxy = 70A0F2352A4CB14B004317A5 /* PBXContainerItemProxy */;
		};
/* End PBXTargetDependency section */

/* Begin XCBuildConfiguration section */
		70A0F23C2A4CB14B004317A5 /* Debug */ = {
			isa = XCBuildConfiguration;
			buildSettings = {
				ALWAYS_SEARCH_USER_PATHS = NO;
				CLANG_ANALYZER_NONNULL = YES;
				CLANG_ANALYZER_NUMBER_OBJECT_CONVERSION = YES_AGGRESSIVE;
				CLANG_CXX_LANGUAGE_STANDARD = "gnu++20";
				CLANG_ENABLE_MODULES = YES;
				CLANG_ENABLE_OBJC_ARC = YES;
				CLANG_ENABLE_OBJC_WEAK = YES;
				CLANG_WARN_BLOCK_CAPTURE_AUTORELEASING = YES;
				CLANG_WARN_BOOL_CONVERSION = YES;
				CLANG_WARN_COMMA = YES;
				CLANG_WARN_CONSTANT_CONVERSION = YES;
				CLANG_WARN_DEPRECATED_OBJC_IMPLEMENTATIONS = YES;
				CLANG_WARN_DIRECT_OBJC_ISA_USAGE = YES_ERROR;
				CLANG_WARN_DOCUMENTATION_COMMENTS = YES;
				CLANG_WARN_EMPTY_BODY = YES;
				CLANG_WARN_ENUM_CONVERSION = YES;
				CLANG_WARN_INFINITE_RECURSION = YES;
				CLANG_WARN_INT_CONVERSION = YES;
				CLANG_WARN_NON_LITERAL_NULL_CONVERSION = YES;
				CLANG_WARN_OBJC_IMPLICIT_RETAIN_SELF = YES;
				CLANG_WARN_OBJC_LITERAL_CONVERSION = YES;
				CLANG_WARN_OBJC_ROOT_CLASS = YES_ERROR;
				CLANG_WARN_QUOTED_INCLUDE_IN_FRAMEWORK_HEADER = YES;
				CLANG_WARN_RANGE_LOOP_ANALYSIS = YES;
				CLANG_WARN_STRICT_PROTOTYPES = YES;
				CLANG_WARN_SUSPICIOUS_MOVE = YES;
				CLANG_WARN_UNGUARDED_AVAILABILITY = YES_AGGRESSIVE;
				CLANG_WARN_UNREACHABLE_CODE = YES;
				CLANG_WARN__DUPLICATE_METHOD_MATCH = YES;
				COPY_PHASE_STRIP = NO;
				DEBUG_INFORMATION_FORMAT = dwarf;
				ENABLE_STRICT_OBJC_MSGSEND = YES;
				ENABLE_TESTABILITY = YES;
				GCC_C_LANGUAGE_STANDARD = gnu11;
				GCC_DYNAMIC_NO_PIC = NO;
				GCC_NO_COMMON_BLOCKS = YES;
				GCC_OPTIMIZATION_LEVEL = 0;
				GCC_PREPROCESSOR_DEFINITIONS = (
					"DEBUG=1",
					"$(inherited)",
				);
				GCC_WARN_64_TO_32_BIT_CONVERSION = YES;
				GCC_WARN_ABOUT_RETURN_TYPE = YES_ERROR;
				GCC_WARN_UNDECLARED_SELECTOR = YES;
				GCC_WARN_UNINITIALIZED_AUTOS = YES_AGGRESSIVE;
				GCC_WARN_UNUSED_FUNCTION = YES;
				GCC_WARN_UNUSED_VARIABLE = YES;
				MACOSX_DEPLOYMENT_TARGET = 13.3;
				MTL_ENABLE_DEBUG_INFO = INCLUDE_SOURCE;
				MTL_FAST_MATH = YES;
				ONLY_ACTIVE_ARCH = YES;
				SDKROOT = macosx;
				SWIFT_ACTIVE_COMPILATION_CONDITIONS = DEBUG;
				SWIFT_OPTIMIZATION_LEVEL = "-Onone";
			};
			name = Debug;
		};
		70A0F23D2A4CB14B004317A5 /* Release */ = {
			isa = XCBuildConfiguration;
			buildSettings = {
				ALWAYS_SEARCH_USER_PATHS = NO;
				CLANG_ANALYZER_NONNULL = YES;
				CLANG_ANALYZER_NUMBER_OBJECT_CONVERSION = YES_AGGRESSIVE;
				CLANG_CXX_LANGUAGE_STANDARD = "gnu++20";
				CLANG_ENABLE_MODULES = YES;
				CLANG_ENABLE_OBJC_ARC = YES;
				CLANG_ENABLE_OBJC_WEAK = YES;
				CLANG_WARN_BLOCK_CAPTURE_AUTORELEASING = YES;
				CLANG_WARN_BOOL_CONVERSION = YES;
				CLANG_WARN_COMMA = YES;
				CLANG_WARN_CONSTANT_CONVERSION = YES;
				CLANG_WARN_DEPRECATED_OBJC_IMPLEMENTATIONS = YES;
				CLANG_WARN_DIRECT_OBJC_ISA_USAGE = YES_ERROR;
				CLANG_WARN_DOCUMENTATION_COMMENTS = YES;
				CLANG_WARN_EMPTY_BODY = YES;
				CLANG_WARN_ENUM_CONVERSION = YES;
				CLANG_WARN_INFINITE_RECURSION = YES;
				CLANG_WARN_INT_CONVERSION = YES;
				CLANG_WARN_NON_LITERAL_NULL_CONVERSION = YES;
				CLANG_WARN_OBJC_IMPLICIT_RETAIN_SELF = YES;
				CLANG_WARN_OBJC_LITERAL_CONVERSION = YES;
				CLANG_WARN_OBJC_ROOT_CLASS = YES_ERROR;
				CLANG_WARN_QUOTED_INCLUDE_IN_FRAMEWORK_HEADER = YES;
				CLANG_WARN_RANGE_LOOP_ANALYSIS = YES;
				CLANG_WARN_STRICT_PROTOTYPES = YES;
				CLANG_WARN_SUSPICIOUS_MOVE = YES;
				CLANG_WARN_UNGUARDED_AVAILABILITY = YES_AGGRESSIVE;
				CLANG_WARN_UNREACHABLE_CODE = YES;
				CLANG_WARN__DUPLICATE_METHOD_MATCH = YES;
				COPY_PHASE_STRIP = NO;
				DEBUG_INFORMATION_FORMAT = "dwarf-with-dsym";
				ENABLE_NS_ASSERTIONS = NO;
				ENABLE_STRICT_OBJC_MSGSEND = YES;
				GCC_C_LANGUAGE_STANDARD = gnu11;
				GCC_NO_COMMON_BLOCKS = YES;
				GCC_WARN_64_TO_32_BIT_CONVERSION = YES;
				GCC_WARN_ABOUT_RETURN_TYPE = YES_ERROR;
				GCC_WARN_UNDECLARED_SELECTOR = YES;
				GCC_WARN_UNINITIALIZED_AUTOS = YES_AGGRESSIVE;
				GCC_WARN_UNUSED_FUNCTION = YES;
				GCC_WARN_UNUSED_VARIABLE = YES;
				MACOSX_DEPLOYMENT_TARGET = 13.3;
				MTL_ENABLE_DEBUG_INFO = NO;
				MTL_FAST_MATH = YES;
				SDKROOT = macosx;
				SWIFT_COMPILATION_MODE = wholemodule;
				SWIFT_OPTIMIZATION_LEVEL = "-O";
			};
			name = Release;
		};
		70A0F23F2A4CB14B004317A5 /* Debug */ = {
			isa = XCBuildConfiguration;
			buildSettings = {
				ASSETCATALOG_COMPILER_APPICON_NAME = AppIcon;
				ASSETCATALOG_COMPILER_GLOBAL_ACCENT_COLOR_NAME = AccentColor;
				CODE_SIGN_ENTITLEMENTS = CaptionsEditor/CaptionsEditor.entitlements;
				CODE_SIGN_STYLE = Automatic;
				COMBINE_HIDPI_IMAGES = YES;
				CURRENT_PROJECT_VERSION = 1;
				DEVELOPMENT_ASSET_PATHS = "\"CaptionsEditor/Preview Content\"";
				DEVELOPMENT_TEAM = X869YCKBY8;
				ENABLE_HARDENED_RUNTIME = YES;
				ENABLE_PREVIEWS = YES;
				GENERATE_INFOPLIST_FILE = YES;
				INFOPLIST_FILE = CaptionsEditor/Info.plist;
				INFOPLIST_KEY_NSHumanReadableCopyright = "";
				LD_RUNPATH_SEARCH_PATHS = (
					"$(inherited)",
					"@executable_path/../Frameworks",
				);
				MARKETING_VERSION = 1.0;
				PRODUCT_BUNDLE_IDENTIFIER = alec.CaptionsEditor;
				PRODUCT_NAME = "$(TARGET_NAME)";
				SWIFT_EMIT_LOC_STRINGS = YES;
				SWIFT_VERSION = 5.0;
			};
			name = Debug;
		};
		70A0F2402A4CB14B004317A5 /* Release */ = {
			isa = XCBuildConfiguration;
			buildSettings = {
				ASSETCATALOG_COMPILER_APPICON_NAME = AppIcon;
				ASSETCATALOG_COMPILER_GLOBAL_ACCENT_COLOR_NAME = AccentColor;
				CODE_SIGN_ENTITLEMENTS = CaptionsEditor/CaptionsEditor.entitlements;
				CODE_SIGN_STYLE = Automatic;
				COMBINE_HIDPI_IMAGES = YES;
				CURRENT_PROJECT_VERSION = 1;
				DEVELOPMENT_ASSET_PATHS = "\"CaptionsEditor/Preview Content\"";
				DEVELOPMENT_TEAM = X869YCKBY8;
				ENABLE_HARDENED_RUNTIME = YES;
				ENABLE_PREVIEWS = YES;
				GENERATE_INFOPLIST_FILE = YES;
				INFOPLIST_FILE = CaptionsEditor/Info.plist;
				INFOPLIST_KEY_NSHumanReadableCopyright = "";
				LD_RUNPATH_SEARCH_PATHS = (
					"$(inherited)",
					"@executable_path/../Frameworks",
				);
				MARKETING_VERSION = 1.0;
				PRODUCT_BUNDLE_IDENTIFIER = alec.CaptionsEditor;
				PRODUCT_NAME = "$(TARGET_NAME)";
				SWIFT_EMIT_LOC_STRINGS = YES;
				SWIFT_VERSION = 5.0;
			};
			name = Release;
		};
		70A0F2422A4CB14B004317A5 /* Debug */ = {
			isa = XCBuildConfiguration;
			buildSettings = {
				ALWAYS_EMBED_SWIFT_STANDARD_LIBRARIES = YES;
				BUNDLE_LOADER = "$(TEST_HOST)";
				CODE_SIGN_STYLE = Automatic;
				CURRENT_PROJECT_VERSION = 1;
				DEVELOPMENT_TEAM = X869YCKBY8;
				GENERATE_INFOPLIST_FILE = YES;
				MACOSX_DEPLOYMENT_TARGET = 13.3;
				MARKETING_VERSION = 1.0;
				PRODUCT_BUNDLE_IDENTIFIER = alec.CaptionsEditorTests;
				PRODUCT_NAME = "$(TARGET_NAME)";
				SWIFT_EMIT_LOC_STRINGS = NO;
				SWIFT_VERSION = 5.0;
				TEST_HOST = "$(BUILT_PRODUCTS_DIR)/CaptionsEditor.app/$(BUNDLE_EXECUTABLE_FOLDER_PATH)/CaptionsEditor";
			};
			name = Debug;
		};
		70A0F2432A4CB14B004317A5 /* Release */ = {
			isa = XCBuildConfiguration;
			buildSettings = {
				ALWAYS_EMBED_SWIFT_STANDARD_LIBRARIES = YES;
				BUNDLE_LOADER = "$(TEST_HOST)";
				CODE_SIGN_STYLE = Automatic;
				CURRENT_PROJECT_VERSION = 1;
				DEVELOPMENT_TEAM = X869YCKBY8;
				GENERATE_INFOPLIST_FILE = YES;
				MACOSX_DEPLOYMENT_TARGET = 13.3;
				MARKETING_VERSION = 1.0;
				PRODUCT_BUNDLE_IDENTIFIER = alec.CaptionsEditorTests;
				PRODUCT_NAME = "$(TARGET_NAME)";
				SWIFT_EMIT_LOC_STRINGS = NO;
				SWIFT_VERSION = 5.0;
				TEST_HOST = "$(BUILT_PRODUCTS_DIR)/CaptionsEditor.app/$(BUNDLE_EXECUTABLE_FOLDER_PATH)/CaptionsEditor";
			};
			name = Release;
		};
		70A0F2452A4CB14B004317A5 /* Debug */ = {
			isa = XCBuildConfiguration;
			buildSettings = {
				ALWAYS_EMBED_SWIFT_STANDARD_LIBRARIES = YES;
				CODE_SIGN_STYLE = Automatic;
				CURRENT_PROJECT_VERSION = 1;
				DEVELOPMENT_TEAM = X869YCKBY8;
				GENERATE_INFOPLIST_FILE = YES;
				MARKETING_VERSION = 1.0;
				PRODUCT_BUNDLE_IDENTIFIER = alec.CaptionsEditorUITests;
				PRODUCT_NAME = "$(TARGET_NAME)";
				SWIFT_EMIT_LOC_STRINGS = NO;
				SWIFT_VERSION = 5.0;
				TEST_TARGET_NAME = CaptionsEditor;
			};
			name = Debug;
		};
		70A0F2462A4CB14B004317A5 /* Release */ = {
			isa = XCBuildConfiguration;
			buildSettings = {
				ALWAYS_EMBED_SWIFT_STANDARD_LIBRARIES = YES;
				CODE_SIGN_STYLE = Automatic;
				CURRENT_PROJECT_VERSION = 1;
				DEVELOPMENT_TEAM = X869YCKBY8;
				GENERATE_INFOPLIST_FILE = YES;
				MARKETING_VERSION = 1.0;
				PRODUCT_BUNDLE_IDENTIFIER = alec.CaptionsEditorUITests;
				PRODUCT_NAME = "$(TARGET_NAME)";
				SWIFT_EMIT_LOC_STRINGS = NO;
				SWIFT_VERSION = 5.0;
				TEST_TARGET_NAME = CaptionsEditor;
			};
			name = Release;
		};
/* End XCBuildConfiguration section */

/* Begin XCConfigurationList section */
		70A0F2112A4CB14A004317A5 /* Build configuration list for PBXProject "CaptionsEditor" */ = {
			isa = XCConfigurationList;
			buildConfigurations = (
				70A0F23C2A4CB14B004317A5 /* Debug */,
				70A0F23D2A4CB14B004317A5 /* Release */,
			);
			defaultConfigurationIsVisible = 0;
			defaultConfigurationName = Release;
		};
		70A0F23E2A4CB14B004317A5 /* Build configuration list for PBXNativeTarget "CaptionsEditor" */ = {
			isa = XCConfigurationList;
			buildConfigurations = (
				70A0F23F2A4CB14B004317A5 /* Debug */,
				70A0F2402A4CB14B004317A5 /* Release */,
			);
			defaultConfigurationIsVisible = 0;
			defaultConfigurationName = Release;
		};
		70A0F2412A4CB14B004317A5 /* Build configuration list for PBXNativeTarget "CaptionsEditorTests" */ = {
			isa = XCConfigurationList;
			buildConfigurations = (
				70A0F2422A4CB14B004317A5 /* Debug */,
				70A0F2432A4CB14B004317A5 /* Release */,
			);
			defaultConfigurationIsVisible = 0;
			defaultConfigurationName = Release;
		};
		70A0F2442A4CB14B004317A5 /* Build configuration list for PBXNativeTarget "CaptionsEditorUITests" */ = {
			isa = XCConfigurationList;
			buildConfigurations = (
				70A0F2452A4CB14B004317A5 /* Debug */,
				70A0F2462A4CB14B004317A5 /* Release */,
			);
			defaultConfigurationIsVisible = 0;
			defaultConfigurationName = Release;
		};
/* End XCConfigurationList section */
	};
	rootObject = 70A0F20E2A4CB14A004317A5 /* Project object */;
}
